// !$*UTF8*$!
{
	archiveVersion = 1;
	classes = {
	};
	objectVersion = 56;
	objects = {

/* Begin PBXBuildFile section */
		021F2E122B95A8A500D13367 /* Ressentiment_iOSApp.swift in Sources */ = {isa = PBXBuildFile; fileRef = 021F2E112B95A8A500D13367 /* Ressentiment_iOSApp.swift */; };
		021F2E162B95A8A600D13367 /* Assets.xcassets in Resources */ = {isa = PBXBuildFile; fileRef = 021F2E152B95A8A600D13367 /* Assets.xcassets */; };
		021F2E192B95A8A600D13367 /* Preview Assets.xcassets in Resources */ = {isa = PBXBuildFile; fileRef = 021F2E182B95A8A600D13367 /* Preview Assets.xcassets */; };
		022DD7842B9DEE92006F53A6 /*  NetworkError.swift in Sources */ = {isa = PBXBuildFile; fileRef = 022DD7832B9DEE92006F53A6 /*  NetworkError.swift */; };
		022DD7862B9DEEC0006F53A6 /* RessentimentService.swift in Sources */ = {isa = PBXBuildFile; fileRef = 022DD7852B9DEEC0006F53A6 /* RessentimentService.swift */; };
		022DD7882B9DF09C006F53A6 /* ColorResponse.swift in Sources */ = {isa = PBXBuildFile; fileRef = 022DD7872B9DF09C006F53A6 /* ColorResponse.swift */; };
		023019032BA7F13300B6996F /* UIImage+.swift in Sources */ = {isa = PBXBuildFile; fileRef = 023019022BA7F13300B6996F /* UIImage+.swift */; };
		023019072BA7F80200B6996F /* MyParticle.sks in Resources */ = {isa = PBXBuildFile; fileRef = 023019062BA7F80200B6996F /* MyParticle.sks */; };
		023019092BA7F82B00B6996F /* Bokeh.sks in Resources */ = {isa = PBXBuildFile; fileRef = 023019082BA7F82B00B6996F /* Bokeh.sks */; };
		0230190B2BA7F84300B6996F /* Magic.sks in Resources */ = {isa = PBXBuildFile; fileRef = 0230190A2BA7F84300B6996F /* Magic.sks */; };
		0230190D2BA7F85D00B6996F /* Rain.sks in Resources */ = {isa = PBXBuildFile; fileRef = 0230190C2BA7F85D00B6996F /* Rain.sks */; };
		0230190F2BA7F87100B6996F /* Smoke.sks in Resources */ = {isa = PBXBuildFile; fileRef = 0230190E2BA7F87100B6996F /* Smoke.sks */; };
		02313FD72BB6AC31002CA66A /* FirebaseDatabase in Frameworks */ = {isa = PBXBuildFile; productRef = 02313FD62BB6AC31002CA66A /* FirebaseDatabase */; };
		02313FD92BB6AC36002CA66A /* FirebaseDatabaseSwift in Frameworks */ = {isa = PBXBuildFile; productRef = 02313FD82BB6AC36002CA66A /* FirebaseDatabaseSwift */; };
		027A2DF72B997818008E662B /* GifAnimation.swift in Sources */ = {isa = PBXBuildFile; fileRef = 027A2DF62B997818008E662B /* GifAnimation.swift */; };
		027A2DFA2B997860008E662B /* testvideo.gif in Resources */ = {isa = PBXBuildFile; fileRef = 027A2DF92B997860008E662B /* testvideo.gif */; };
		028750BD2BB291A000D003E9 /* GoogleService-Info.plist in Resources */ = {isa = PBXBuildFile; fileRef = 028750BC2BB291A000D003E9 /* GoogleService-Info.plist */; };
		028750CA2BB2995B00D003E9 /* XYZResponse.swift in Sources */ = {isa = PBXBuildFile; fileRef = 028750C92BB2995B00D003E9 /* XYZResponse.swift */; };
		028750CC2BB29A0D00D003E9 /* XYZStore.swift in Sources */ = {isa = PBXBuildFile; fileRef = 028750CB2BB29A0D00D003E9 /* XYZStore.swift */; };
		02D2DBB22BB6A9E2005069B5 /* FirebaseAnalytics in Frameworks */ = {isa = PBXBuildFile; productRef = 02D2DBB12BB6A9E2005069B5 /* FirebaseAnalytics */; };
		02D2DBB42BB6A9E2005069B5 /* FirebaseAnalyticsOnDeviceConversion in Frameworks */ = {isa = PBXBuildFile; productRef = 02D2DBB32BB6A9E2005069B5 /* FirebaseAnalyticsOnDeviceConversion */; };
		02D2DBB62BB6A9E2005069B5 /* FirebaseAnalyticsSwift in Frameworks */ = {isa = PBXBuildFile; productRef = 02D2DBB52BB6A9E2005069B5 /* FirebaseAnalyticsSwift */; };
		02D2DBB82BB6A9E2005069B5 /* FirebaseAnalyticsWithoutAdIdSupport in Frameworks */ = {isa = PBXBuildFile; productRef = 02D2DBB72BB6A9E2005069B5 /* FirebaseAnalyticsWithoutAdIdSupport */; };
		02D2DBBA2BB6A9E2005069B5 /* FirebaseAppCheck in Frameworks */ = {isa = PBXBuildFile; productRef = 02D2DBB92BB6A9E2005069B5 /* FirebaseAppCheck */; };
		02E870152B95B4F900DD4B38 /* Concrete-Smooth.usdz in Resources */ = {isa = PBXBuildFile; fileRef = 02E870132B95B4F900DD4B38 /* Concrete-Smooth.usdz */; };
		02E870162B95B4F900DD4B38 /* GlassHead.scn in Resources */ = {isa = PBXBuildFile; fileRef = 02E870142B95B4F900DD4B38 /* GlassHead.scn */; };
		02E8701B2B95B50600DD4B38 /* color_3.jpeg in Resources */ = {isa = PBXBuildFile; fileRef = 02E870172B95B50500DD4B38 /* color_3.jpeg */; };
		02E8701C2B95B50600DD4B38 /* Concrete-Smooth-Texture-Color.jpg in Resources */ = {isa = PBXBuildFile; fileRef = 02E870182B95B50500DD4B38 /* Concrete-Smooth-Texture-Color.jpg */; };
		02E8701D2B95B50600DD4B38 /* Concrete-Smooth-Texture-Normal.jpg in Resources */ = {isa = PBXBuildFile; fileRef = 02E870192B95B50500DD4B38 /* Concrete-Smooth-Texture-Normal.jpg */; };
		02E8701E2B95B50600DD4B38 /* Concrete-Smooth-Texture-Roughness.jpg in Resources */ = {isa = PBXBuildFile; fileRef = 02E8701A2B95B50600DD4B38 /* Concrete-Smooth-Texture-Roughness.jpg */; };
		02E870202B95B71600DD4B38 /* diffuse_0222.jpeg in Resources */ = {isa = PBXBuildFile; fileRef = 02E8701F2B95B71600DD4B38 /* diffuse_0222.jpeg */; };
		02EF173F2BA972C1002871CE /* UIKitContentView.swift in Sources */ = {isa = PBXBuildFile; fileRef = 02EF173E2BA972C1002871CE /* UIKitContentView.swift */; };
		02EF17602BAAB51A002871CE /* crack3.jpeg in Resources */ = {isa = PBXBuildFile; fileRef = 02EF175F2BAAB51A002871CE /* crack3.jpeg */; };
		02EF17622BAABA53002871CE /* GlassHeadManager.swift in Sources */ = {isa = PBXBuildFile; fileRef = 02EF17612BAABA53002871CE /* GlassHeadManager.swift */; };
/* End PBXBuildFile section */

/* Begin PBXFileReference section */
		021F2E0E2B95A8A500D13367 /* Ressentiment-iOS.app */ = {isa = PBXFileReference; explicitFileType = wrapper.application; includeInIndex = 0; path = "Ressentiment-iOS.app"; sourceTree = BUILT_PRODUCTS_DIR; };
		021F2E112B95A8A500D13367 /* Ressentiment_iOSApp.swift */ = {isa = PBXFileReference; lastKnownFileType = sourcecode.swift; path = Ressentiment_iOSApp.swift; sourceTree = "<group>"; };
		021F2E152B95A8A600D13367 /* Assets.xcassets */ = {isa = PBXFileReference; lastKnownFileType = folder.assetcatalog; path = Assets.xcassets; sourceTree = "<group>"; };
		021F2E182B95A8A600D13367 /* Preview Assets.xcassets */ = {isa = PBXFileReference; lastKnownFileType = folder.assetcatalog; path = "Preview Assets.xcassets"; sourceTree = "<group>"; };
		022DD7812B9DEE13006F53A6 /* Info.plist */ = {isa = PBXFileReference; lastKnownFileType = text.plist; path = Info.plist; sourceTree = "<group>"; };
		022DD7832B9DEE92006F53A6 /*  NetworkError.swift */ = {isa = PBXFileReference; lastKnownFileType = sourcecode.swift; path = " NetworkError.swift"; sourceTree = "<group>"; };
		022DD7852B9DEEC0006F53A6 /* RessentimentService.swift */ = {isa = PBXFileReference; lastKnownFileType = sourcecode.swift; path = RessentimentService.swift; sourceTree = "<group>"; };
		022DD7872B9DF09C006F53A6 /* ColorResponse.swift */ = {isa = PBXFileReference; lastKnownFileType = sourcecode.swift; path = ColorResponse.swift; sourceTree = "<group>"; };
		023019022BA7F13300B6996F /* UIImage+.swift */ = {isa = PBXFileReference; lastKnownFileType = sourcecode.swift; path = "UIImage+.swift"; sourceTree = "<group>"; };
		023019062BA7F80200B6996F /* MyParticle.sks */ = {isa = PBXFileReference; lastKnownFileType = file.sks; path = MyParticle.sks; sourceTree = "<group>"; };
		023019082BA7F82B00B6996F /* Bokeh.sks */ = {isa = PBXFileReference; lastKnownFileType = file.sks; path = Bokeh.sks; sourceTree = "<group>"; };
		0230190A2BA7F84300B6996F /* Magic.sks */ = {isa = PBXFileReference; lastKnownFileType = file.sks; path = Magic.sks; sourceTree = "<group>"; };
		0230190C2BA7F85D00B6996F /* Rain.sks */ = {isa = PBXFileReference; lastKnownFileType = file.sks; path = Rain.sks; sourceTree = "<group>"; };
		0230190E2BA7F87100B6996F /* Smoke.sks */ = {isa = PBXFileReference; lastKnownFileType = file.sks; path = Smoke.sks; sourceTree = "<group>"; };
		027A2DF62B997818008E662B /* GifAnimation.swift */ = {isa = PBXFileReference; lastKnownFileType = sourcecode.swift; path = GifAnimation.swift; sourceTree = "<group>"; };
		027A2DF92B997860008E662B /* testvideo.gif */ = {isa = PBXFileReference; lastKnownFileType = image.gif; path = testvideo.gif; sourceTree = "<group>"; };
		028750BC2BB291A000D003E9 /* GoogleService-Info.plist */ = {isa = PBXFileReference; fileEncoding = 4; lastKnownFileType = text.plist.xml; path = "GoogleService-Info.plist"; sourceTree = "<group>"; };
		028750C92BB2995B00D003E9 /* XYZResponse.swift */ = {isa = PBXFileReference; lastKnownFileType = sourcecode.swift; path = XYZResponse.swift; sourceTree = "<group>"; };
		028750CB2BB29A0D00D003E9 /* XYZStore.swift */ = {isa = PBXFileReference; lastKnownFileType = sourcecode.swift; path = XYZStore.swift; sourceTree = "<group>"; };
		02E870132B95B4F900DD4B38 /* Concrete-Smooth.usdz */ = {isa = PBXFileReference; lastKnownFileType = file.usdz; path = "Concrete-Smooth.usdz"; sourceTree = "<group>"; };
		02E870142B95B4F900DD4B38 /* GlassHead.scn */ = {isa = PBXFileReference; lastKnownFileType = file.bplist; path = GlassHead.scn; sourceTree = "<group>"; };
		02E870172B95B50500DD4B38 /* color_3.jpeg */ = {isa = PBXFileReference; lastKnownFileType = image.jpeg; path = color_3.jpeg; sourceTree = "<group>"; };
		02E870182B95B50500DD4B38 /* Concrete-Smooth-Texture-Color.jpg */ = {isa = PBXFileReference; lastKnownFileType = image.jpeg; path = "Concrete-Smooth-Texture-Color.jpg"; sourceTree = "<group>"; };
		02E870192B95B50500DD4B38 /* Concrete-Smooth-Texture-Normal.jpg */ = {isa = PBXFileReference; lastKnownFileType = image.jpeg; path = "Concrete-Smooth-Texture-Normal.jpg"; sourceTree = "<group>"; };
		02E8701A2B95B50600DD4B38 /* Concrete-Smooth-Texture-Roughness.jpg */ = {isa = PBXFileReference; lastKnownFileType = image.jpeg; path = "Concrete-Smooth-Texture-Roughness.jpg"; sourceTree = "<group>"; };
		02E8701F2B95B71600DD4B38 /* diffuse_0222.jpeg */ = {isa = PBXFileReference; lastKnownFileType = image.jpeg; path = diffuse_0222.jpeg; sourceTree = "<group>"; };
		02EF173E2BA972C1002871CE /* UIKitContentView.swift */ = {isa = PBXFileReference; lastKnownFileType = sourcecode.swift; path = UIKitContentView.swift; sourceTree = "<group>"; };
		02EF175F2BAAB51A002871CE /* crack3.jpeg */ = {isa = PBXFileReference; lastKnownFileType = image.jpeg; path = crack3.jpeg; sourceTree = "<group>"; };
		02EF17612BAABA53002871CE /* GlassHeadManager.swift */ = {isa = PBXFileReference; lastKnownFileType = sourcecode.swift; path = GlassHeadManager.swift; sourceTree = "<group>"; };
/* End PBXFileReference section */

/* Begin PBXFrameworksBuildPhase section */
		021F2E0B2B95A8A500D13367 /* Frameworks */ = {
			isa = PBXFrameworksBuildPhase;
			buildActionMask = 2147483647;
			files = (
				02313FD92BB6AC36002CA66A /* FirebaseDatabaseSwift in Frameworks */,
				02313FD72BB6AC31002CA66A /* FirebaseDatabase in Frameworks */,
				02D2DBB62BB6A9E2005069B5 /* FirebaseAnalyticsSwift in Frameworks */,
				02D2DBB22BB6A9E2005069B5 /* FirebaseAnalytics in Frameworks */,
				02D2DBB42BB6A9E2005069B5 /* FirebaseAnalyticsOnDeviceConversion in Frameworks */,
				02D2DBBA2BB6A9E2005069B5 /* FirebaseAppCheck in Frameworks */,
				02D2DBB82BB6A9E2005069B5 /* FirebaseAnalyticsWithoutAdIdSupport in Frameworks */,
			);
			runOnlyForDeploymentPostprocessing = 0;
		};
/* End PBXFrameworksBuildPhase section */

/* Begin PBXGroup section */
		021F2E052B95A8A500D13367 = {
			isa = PBXGroup;
			children = (
				021F2E102B95A8A500D13367 /* Ressentiment-iOS */,
				021F2E0F2B95A8A500D13367 /* Products */,
				02313FD52BB6AC31002CA66A /* Frameworks */,
			);
			sourceTree = "<group>";
		};
		021F2E0F2B95A8A500D13367 /* Products */ = {
			isa = PBXGroup;
			children = (
				021F2E0E2B95A8A500D13367 /* Ressentiment-iOS.app */,
			);
			name = Products;
			sourceTree = "<group>";
		};
		021F2E102B95A8A500D13367 /* Ressentiment-iOS */ = {
			isa = PBXGroup;
			children = (
				022DD7822B9DEE83006F53A6 /* Network */,
				022DD7812B9DEE13006F53A6 /* Info.plist */,
				028750BC2BB291A000D003E9 /* GoogleService-Info.plist */,
				027A2DF82B997848008E662B /* Gif */,
				021F2E202B95A8D300D13367 /* Object */,
				021F2E1F2B95A8BE00D13367 /* Texture */,
				021F2E112B95A8A500D13367 /* Ressentiment_iOSApp.swift */,
				02EF173E2BA972C1002871CE /* UIKitContentView.swift */,
				028750CB2BB29A0D00D003E9 /* XYZStore.swift */,
				02EF17612BAABA53002871CE /* GlassHeadManager.swift */,
				023019022BA7F13300B6996F /* UIImage+.swift */,
				027A2DF62B997818008E662B /* GifAnimation.swift */,
				0230190C2BA7F85D00B6996F /* Rain.sks */,
				0230190E2BA7F87100B6996F /* Smoke.sks */,
				023019082BA7F82B00B6996F /* Bokeh.sks */,
				0230190A2BA7F84300B6996F /* Magic.sks */,
				021F2E152B95A8A600D13367 /* Assets.xcassets */,
				023019062BA7F80200B6996F /* MyParticle.sks */,
				021F2E172B95A8A600D13367 /* Preview Content */,
			);
			path = "Ressentiment-iOS";
			sourceTree = "<group>";
		};
		021F2E172B95A8A600D13367 /* Preview Content */ = {
			isa = PBXGroup;
			children = (
				021F2E182B95A8A600D13367 /* Preview Assets.xcassets */,
			);
			path = "Preview Content";
			sourceTree = "<group>";
		};
		021F2E1F2B95A8BE00D13367 /* Texture */ = {
			isa = PBXGroup;
			children = (
				02EF175F2BAAB51A002871CE /* crack3.jpeg */,
				02E870172B95B50500DD4B38 /* color_3.jpeg */,
				02E8701F2B95B71600DD4B38 /* diffuse_0222.jpeg */,
				02E870182B95B50500DD4B38 /* Concrete-Smooth-Texture-Color.jpg */,
				02E870192B95B50500DD4B38 /* Concrete-Smooth-Texture-Normal.jpg */,
				02E8701A2B95B50600DD4B38 /* Concrete-Smooth-Texture-Roughness.jpg */,
			);
			path = Texture;
			sourceTree = "<group>";
		};
		021F2E202B95A8D300D13367 /* Object */ = {
			isa = PBXGroup;
			children = (
				02E870132B95B4F900DD4B38 /* Concrete-Smooth.usdz */,
				02E870142B95B4F900DD4B38 /* GlassHead.scn */,
			);
			path = Object;
			sourceTree = "<group>";
		};
		022DD7822B9DEE83006F53A6 /* Network */ = {
			isa = PBXGroup;
			children = (
				022DD7832B9DEE92006F53A6 /*  NetworkError.swift */,
				022DD7852B9DEEC0006F53A6 /* RessentimentService.swift */,
				022DD7872B9DF09C006F53A6 /* ColorResponse.swift */,
				028750C92BB2995B00D003E9 /* XYZResponse.swift */,
			);
			path = Network;
			sourceTree = "<group>";
		};
		02313FD52BB6AC31002CA66A /* Frameworks */ = {
			isa = PBXGroup;
			children = (
			);
			name = Frameworks;
			sourceTree = "<group>";
		};
		027A2DF82B997848008E662B /* Gif */ = {
			isa = PBXGroup;
			children = (
				027A2DF92B997860008E662B /* testvideo.gif */,
			);
			path = Gif;
			sourceTree = "<group>";
		};
/* End PBXGroup section */

/* Begin PBXNativeTarget section */
		021F2E0D2B95A8A500D13367 /* Ressentiment-iOS */ = {
			isa = PBXNativeTarget;
			buildConfigurationList = 021F2E1C2B95A8A600D13367 /* Build configuration list for PBXNativeTarget "Ressentiment-iOS" */;
			buildPhases = (
				021F2E0A2B95A8A500D13367 /* Sources */,
				021F2E0B2B95A8A500D13367 /* Frameworks */,
				021F2E0C2B95A8A500D13367 /* Resources */,
			);
			buildRules = (
			);
			dependencies = (
			);
			name = "Ressentiment-iOS";
			packageProductDependencies = (
				02D2DBB12BB6A9E2005069B5 /* FirebaseAnalytics */,
				02D2DBB32BB6A9E2005069B5 /* FirebaseAnalyticsOnDeviceConversion */,
				02D2DBB52BB6A9E2005069B5 /* FirebaseAnalyticsSwift */,
				02D2DBB72BB6A9E2005069B5 /* FirebaseAnalyticsWithoutAdIdSupport */,
				02D2DBB92BB6A9E2005069B5 /* FirebaseAppCheck */,
				02313FD62BB6AC31002CA66A /* FirebaseDatabase */,
				02313FD82BB6AC36002CA66A /* FirebaseDatabaseSwift */,
			);
			productName = "Ressentiment-iOS";
			productReference = 021F2E0E2B95A8A500D13367 /* Ressentiment-iOS.app */;
			productType = "com.apple.product-type.application";
		};
/* End PBXNativeTarget section */

/* Begin PBXProject section */
		021F2E062B95A8A500D13367 /* Project object */ = {
			isa = PBXProject;
			attributes = {
				BuildIndependentTargetsInParallel = 1;
				LastSwiftUpdateCheck = 1500;
				LastUpgradeCheck = 1500;
				TargetAttributes = {
					021F2E0D2B95A8A500D13367 = {
						CreatedOnToolsVersion = 15.0.1;
					};
				};
			};
			buildConfigurationList = 021F2E092B95A8A500D13367 /* Build configuration list for PBXProject "Ressentiment-iOS" */;
			compatibilityVersion = "Xcode 14.0";
			developmentRegion = en;
			hasScannedForEncodings = 0;
			knownRegions = (
				en,
				Base,
			);
			mainGroup = 021F2E052B95A8A500D13367;
			packageReferences = (
				02D2DBB02BB6A9E2005069B5 /* XCRemoteSwiftPackageReference "firebase-ios-sdk" */,
			);
			productRefGroup = 021F2E0F2B95A8A500D13367 /* Products */;
			projectDirPath = "";
			projectRoot = "";
			targets = (
				021F2E0D2B95A8A500D13367 /* Ressentiment-iOS */,
			);
		};
/* End PBXProject section */

/* Begin PBXResourcesBuildPhase section */
		021F2E0C2B95A8A500D13367 /* Resources */ = {
			isa = PBXResourcesBuildPhase;
			buildActionMask = 2147483647;
			files = (
				02E8701C2B95B50600DD4B38 /* Concrete-Smooth-Texture-Color.jpg in Resources */,
				021F2E192B95A8A600D13367 /* Preview Assets.xcassets in Resources */,
				021F2E162B95A8A600D13367 /* Assets.xcassets in Resources */,
				02E870152B95B4F900DD4B38 /* Concrete-Smooth.usdz in Resources */,
				0230190B2BA7F84300B6996F /* Magic.sks in Resources */,
				027A2DFA2B997860008E662B /* testvideo.gif in Resources */,
				02EF17602BAAB51A002871CE /* crack3.jpeg in Resources */,
				02E870162B95B4F900DD4B38 /* GlassHead.scn in Resources */,
				023019072BA7F80200B6996F /* MyParticle.sks in Resources */,
				0230190F2BA7F87100B6996F /* Smoke.sks in Resources */,
				02E870202B95B71600DD4B38 /* diffuse_0222.jpeg in Resources */,
				0230190D2BA7F85D00B6996F /* Rain.sks in Resources */,
				028750BD2BB291A000D003E9 /* GoogleService-Info.plist in Resources */,
				02E8701D2B95B50600DD4B38 /* Concrete-Smooth-Texture-Normal.jpg in Resources */,
				023019092BA7F82B00B6996F /* Bokeh.sks in Resources */,
				02E8701B2B95B50600DD4B38 /* color_3.jpeg in Resources */,
				02E8701E2B95B50600DD4B38 /* Concrete-Smooth-Texture-Roughness.jpg in Resources */,
			);
			runOnlyForDeploymentPostprocessing = 0;
		};
/* End PBXResourcesBuildPhase section */

/* Begin PBXSourcesBuildPhase section */
		021F2E0A2B95A8A500D13367 /* Sources */ = {
			isa = PBXSourcesBuildPhase;
			buildActionMask = 2147483647;
			files = (
				028750CA2BB2995B00D003E9 /* XYZResponse.swift in Sources */,
				028750CC2BB29A0D00D003E9 /* XYZStore.swift in Sources */,
				02EF17622BAABA53002871CE /* GlassHeadManager.swift in Sources */,
				022DD7882B9DF09C006F53A6 /* ColorResponse.swift in Sources */,
				023019032BA7F13300B6996F /* UIImage+.swift in Sources */,
				027A2DF72B997818008E662B /* GifAnimation.swift in Sources */,
				022DD7862B9DEEC0006F53A6 /* RessentimentService.swift in Sources */,
				02EF173F2BA972C1002871CE /* UIKitContentView.swift in Sources */,
				022DD7842B9DEE92006F53A6 /*  NetworkError.swift in Sources */,
				021F2E122B95A8A500D13367 /* Ressentiment_iOSApp.swift in Sources */,
			);
			runOnlyForDeploymentPostprocessing = 0;
		};
/* End PBXSourcesBuildPhase section */

/* Begin XCBuildConfiguration section */
		021F2E1A2B95A8A600D13367 /* Debug */ = {
			isa = XCBuildConfiguration;
			buildSettings = {
				ALWAYS_SEARCH_USER_PATHS = NO;
				ASSETCATALOG_COMPILER_GENERATE_SWIFT_ASSET_SYMBOL_EXTENSIONS = YES;
				CLANG_ANALYZER_NONNULL = YES;
				CLANG_ANALYZER_NUMBER_OBJECT_CONVERSION = YES_AGGRESSIVE;
				CLANG_CXX_LANGUAGE_STANDARD = "gnu++20";
				CLANG_ENABLE_MODULES = YES;
				CLANG_ENABLE_OBJC_ARC = YES;
				CLANG_ENABLE_OBJC_WEAK = YES;
				CLANG_WARN_BLOCK_CAPTURE_AUTORELEASING = YES;
				CLANG_WARN_BOOL_CONVERSION = YES;
				CLANG_WARN_COMMA = YES;
				CLANG_WARN_CONSTANT_CONVERSION = YES;
				CLANG_WARN_DEPRECATED_OBJC_IMPLEMENTATIONS = YES;
				CLANG_WARN_DIRECT_OBJC_ISA_USAGE = YES_ERROR;
				CLANG_WARN_DOCUMENTATION_COMMENTS = YES;
				CLANG_WARN_EMPTY_BODY = YES;
				CLANG_WARN_ENUM_CONVERSION = YES;
				CLANG_WARN_INFINITE_RECURSION = YES;
				CLANG_WARN_INT_CONVERSION = YES;
				CLANG_WARN_NON_LITERAL_NULL_CONVERSION = YES;
				CLANG_WARN_OBJC_IMPLICIT_RETAIN_SELF = YES;
				CLANG_WARN_OBJC_LITERAL_CONVERSION = YES;
				CLANG_WARN_OBJC_ROOT_CLASS = YES_ERROR;
				CLANG_WARN_QUOTED_INCLUDE_IN_FRAMEWORK_HEADER = YES;
				CLANG_WARN_RANGE_LOOP_ANALYSIS = YES;
				CLANG_WARN_STRICT_PROTOTYPES = YES;
				CLANG_WARN_SUSPICIOUS_MOVE = YES;
				CLANG_WARN_UNGUARDED_AVAILABILITY = YES_AGGRESSIVE;
				CLANG_WARN_UNREACHABLE_CODE = YES;
				CLANG_WARN__DUPLICATE_METHOD_MATCH = YES;
				COPY_PHASE_STRIP = NO;
				DEBUG_INFORMATION_FORMAT = dwarf;
				ENABLE_STRICT_OBJC_MSGSEND = YES;
				ENABLE_TESTABILITY = YES;
				ENABLE_USER_SCRIPT_SANDBOXING = YES;
				GCC_C_LANGUAGE_STANDARD = gnu17;
				GCC_DYNAMIC_NO_PIC = NO;
				GCC_NO_COMMON_BLOCKS = YES;
				GCC_OPTIMIZATION_LEVEL = 0;
				GCC_PREPROCESSOR_DEFINITIONS = (
					"DEBUG=1",
					"$(inherited)",
				);
				GCC_WARN_64_TO_32_BIT_CONVERSION = YES;
				GCC_WARN_ABOUT_RETURN_TYPE = YES_ERROR;
				GCC_WARN_UNDECLARED_SELECTOR = YES;
				GCC_WARN_UNINITIALIZED_AUTOS = YES_AGGRESSIVE;
				GCC_WARN_UNUSED_FUNCTION = YES;
				GCC_WARN_UNUSED_VARIABLE = YES;
				IPHONEOS_DEPLOYMENT_TARGET = 17.0;
				LOCALIZATION_PREFERS_STRING_CATALOGS = YES;
				MTL_ENABLE_DEBUG_INFO = INCLUDE_SOURCE;
				MTL_FAST_MATH = YES;
				ONLY_ACTIVE_ARCH = YES;
				SDKROOT = iphoneos;
				SWIFT_ACTIVE_COMPILATION_CONDITIONS = "DEBUG $(inherited)";
				SWIFT_OPTIMIZATION_LEVEL = "-Onone";
			};
			name = Debug;
		};
		021F2E1B2B95A8A600D13367 /* Release */ = {
			isa = XCBuildConfiguration;
			buildSettings = {
				ALWAYS_SEARCH_USER_PATHS = NO;
				ASSETCATALOG_COMPILER_GENERATE_SWIFT_ASSET_SYMBOL_EXTENSIONS = YES;
				CLANG_ANALYZER_NONNULL = YES;
				CLANG_ANALYZER_NUMBER_OBJECT_CONVERSION = YES_AGGRESSIVE;
				CLANG_CXX_LANGUAGE_STANDARD = "gnu++20";
				CLANG_ENABLE_MODULES = YES;
				CLANG_ENABLE_OBJC_ARC = YES;
				CLANG_ENABLE_OBJC_WEAK = YES;
				CLANG_WARN_BLOCK_CAPTURE_AUTORELEASING = YES;
				CLANG_WARN_BOOL_CONVERSION = YES;
				CLANG_WARN_COMMA = YES;
				CLANG_WARN_CONSTANT_CONVERSION = YES;
				CLANG_WARN_DEPRECATED_OBJC_IMPLEMENTATIONS = YES;
				CLANG_WARN_DIRECT_OBJC_ISA_USAGE = YES_ERROR;
				CLANG_WARN_DOCUMENTATION_COMMENTS = YES;
				CLANG_WARN_EMPTY_BODY = YES;
				CLANG_WARN_ENUM_CONVERSION = YES;
				CLANG_WARN_INFINITE_RECURSION = YES;
				CLANG_WARN_INT_CONVERSION = YES;
				CLANG_WARN_NON_LITERAL_NULL_CONVERSION = YES;
				CLANG_WARN_OBJC_IMPLICIT_RETAIN_SELF = YES;
				CLANG_WARN_OBJC_LITERAL_CONVERSION = YES;
				CLANG_WARN_OBJC_ROOT_CLASS = YES_ERROR;
				CLANG_WARN_QUOTED_INCLUDE_IN_FRAMEWORK_HEADER = YES;
				CLANG_WARN_RANGE_LOOP_ANALYSIS = YES;
				CLANG_WARN_STRICT_PROTOTYPES = YES;
				CLANG_WARN_SUSPICIOUS_MOVE = YES;
				CLANG_WARN_UNGUARDED_AVAILABILITY = YES_AGGRESSIVE;
				CLANG_WARN_UNREACHABLE_CODE = YES;
				CLANG_WARN__DUPLICATE_METHOD_MATCH = YES;
				COPY_PHASE_STRIP = NO;
				DEBUG_INFORMATION_FORMAT = "dwarf-with-dsym";
				ENABLE_NS_ASSERTIONS = NO;
				ENABLE_STRICT_OBJC_MSGSEND = YES;
				ENABLE_USER_SCRIPT_SANDBOXING = YES;
				GCC_C_LANGUAGE_STANDARD = gnu17;
				GCC_NO_COMMON_BLOCKS = YES;
				GCC_WARN_64_TO_32_BIT_CONVERSION = YES;
				GCC_WARN_ABOUT_RETURN_TYPE = YES_ERROR;
				GCC_WARN_UNDECLARED_SELECTOR = YES;
				GCC_WARN_UNINITIALIZED_AUTOS = YES_AGGRESSIVE;
				GCC_WARN_UNUSED_FUNCTION = YES;
				GCC_WARN_UNUSED_VARIABLE = YES;
				IPHONEOS_DEPLOYMENT_TARGET = 17.0;
				LOCALIZATION_PREFERS_STRING_CATALOGS = YES;
				MTL_ENABLE_DEBUG_INFO = NO;
				MTL_FAST_MATH = YES;
				SDKROOT = iphoneos;
				SWIFT_COMPILATION_MODE = wholemodule;
				VALIDATE_PRODUCT = YES;
			};
			name = Release;
		};
		021F2E1D2B95A8A600D13367 /* Debug */ = {
			isa = XCBuildConfiguration;
			buildSettings = {
				ASSETCATALOG_COMPILER_APPICON_NAME = AppIcon;
				ASSETCATALOG_COMPILER_GLOBAL_ACCENT_COLOR_NAME = AccentColor;
				CODE_SIGN_STYLE = Automatic;
				CURRENT_PROJECT_VERSION = 1;
				DEVELOPMENT_ASSET_PATHS = "\"Ressentiment-iOS/Preview Content\"";
				DEVELOPMENT_TEAM = SP5RUYUBZY;
				ENABLE_PREVIEWS = YES;
				GENERATE_INFOPLIST_FILE = YES;
				INFOPLIST_FILE = "Ressentiment-iOS/Info.plist";
				INFOPLIST_KEY_UIApplicationSceneManifest_Generation = YES;
				INFOPLIST_KEY_UIApplicationSupportsIndirectInputEvents = YES;
				INFOPLIST_KEY_UILaunchScreen_Generation = YES;
				INFOPLIST_KEY_UISupportedInterfaceOrientations_iPad = "UIInterfaceOrientationPortrait UIInterfaceOrientationPortraitUpsideDown UIInterfaceOrientationLandscapeLeft UIInterfaceOrientationLandscapeRight";
				INFOPLIST_KEY_UISupportedInterfaceOrientations_iPhone = "UIInterfaceOrientationPortrait UIInterfaceOrientationLandscapeLeft UIInterfaceOrientationLandscapeRight";
				LD_RUNPATH_SEARCH_PATHS = (
					"$(inherited)",
					"@executable_path/Frameworks",
				);
				MARKETING_VERSION = 1.0;
				PRODUCT_BUNDLE_IDENTIFIER = "net.joeun.Ressentiment-iOS";
				PRODUCT_NAME = "$(TARGET_NAME)";
				SWIFT_EMIT_LOC_STRINGS = YES;
				SWIFT_VERSION = 5.0;
				TARGETED_DEVICE_FAMILY = "1,2";
			};
			name = Debug;
		};
		021F2E1E2B95A8A600D13367 /* Release */ = {
			isa = XCBuildConfiguration;
			buildSettings = {
				ASSETCATALOG_COMPILER_APPICON_NAME = AppIcon;
				ASSETCATALOG_COMPILER_GLOBAL_ACCENT_COLOR_NAME = AccentColor;
				CODE_SIGN_STYLE = Automatic;
				CURRENT_PROJECT_VERSION = 1;
				DEVELOPMENT_ASSET_PATHS = "\"Ressentiment-iOS/Preview Content\"";
				DEVELOPMENT_TEAM = SP5RUYUBZY;
				ENABLE_PREVIEWS = YES;
				GENERATE_INFOPLIST_FILE = YES;
				INFOPLIST_FILE = "Ressentiment-iOS/Info.plist";
				INFOPLIST_KEY_UIApplicationSceneManifest_Generation = YES;
				INFOPLIST_KEY_UIApplicationSupportsIndirectInputEvents = YES;
				INFOPLIST_KEY_UILaunchScreen_Generation = YES;
				INFOPLIST_KEY_UISupportedInterfaceOrientations_iPad = "UIInterfaceOrientationPortrait UIInterfaceOrientationPortraitUpsideDown UIInterfaceOrientationLandscapeLeft UIInterfaceOrientationLandscapeRight";
				INFOPLIST_KEY_UISupportedInterfaceOrientations_iPhone = "UIInterfaceOrientationPortrait UIInterfaceOrientationLandscapeLeft UIInterfaceOrientationLandscapeRight";
				LD_RUNPATH_SEARCH_PATHS = (
					"$(inherited)",
					"@executable_path/Frameworks",
				);
				MARKETING_VERSION = 1.0;
				PRODUCT_BUNDLE_IDENTIFIER = "net.joeun.Ressentiment-iOS";
				PRODUCT_NAME = "$(TARGET_NAME)";
				SWIFT_EMIT_LOC_STRINGS = YES;
				SWIFT_VERSION = 5.0;
				TARGETED_DEVICE_FAMILY = "1,2";
			};
			name = Release;
		};
/* End XCBuildConfiguration section */

/* Begin XCConfigurationList section */
		021F2E092B95A8A500D13367 /* Build configuration list for PBXProject "Ressentiment-iOS" */ = {
			isa = XCConfigurationList;
			buildConfigurations = (
				021F2E1A2B95A8A600D13367 /* Debug */,
				021F2E1B2B95A8A600D13367 /* Release */,
			);
			defaultConfigurationIsVisible = 0;
			defaultConfigurationName = Release;
		};
		021F2E1C2B95A8A600D13367 /* Build configuration list for PBXNativeTarget "Ressentiment-iOS" */ = {
			isa = XCConfigurationList;
			buildConfigurations = (
				021F2E1D2B95A8A600D13367 /* Debug */,
				021F2E1E2B95A8A600D13367 /* Release */,
			);
			defaultConfigurationIsVisible = 0;
			defaultConfigurationName = Release;
		};
/* End XCConfigurationList section */

/* Begin XCRemoteSwiftPackageReference section */
		02D2DBB02BB6A9E2005069B5 /* XCRemoteSwiftPackageReference "firebase-ios-sdk" */ = {
			isa = XCRemoteSwiftPackageReference;
			repositoryURL = "https://github.com/firebase/firebase-ios-sdk.git";
			requirement = {
				kind = upToNextMajorVersion;
				minimumVersion = 10.23.1;
			};
		};
/* End XCRemoteSwiftPackageReference section */

/* Begin XCSwiftPackageProductDependency section */
		02313FD62BB6AC31002CA66A /* FirebaseDatabase */ = {
			isa = XCSwiftPackageProductDependency;
			package = 02D2DBB02BB6A9E2005069B5 /* XCRemoteSwiftPackageReference "firebase-ios-sdk" */;
			productName = FirebaseDatabase;
		};
		02313FD82BB6AC36002CA66A /* FirebaseDatabaseSwift */ = {
			isa = XCSwiftPackageProductDependency;
			package = 02D2DBB02BB6A9E2005069B5 /* XCRemoteSwiftPackageReference "firebase-ios-sdk" */;
			productName = FirebaseDatabaseSwift;
		};
		02D2DBB12BB6A9E2005069B5 /* FirebaseAnalytics */ = {
			isa = XCSwiftPackageProductDependency;
			package = 02D2DBB02BB6A9E2005069B5 /* XCRemoteSwiftPackageReference "firebase-ios-sdk" */;
			productName = FirebaseAnalytics;
		};
		02D2DBB32BB6A9E2005069B5 /* FirebaseAnalyticsOnDeviceConversion */ = {
			isa = XCSwiftPackageProductDependency;
			package = 02D2DBB02BB6A9E2005069B5 /* XCRemoteSwiftPackageReference "firebase-ios-sdk" */;
			productName = FirebaseAnalyticsOnDeviceConversion;
		};
		02D2DBB52BB6A9E2005069B5 /* FirebaseAnalyticsSwift */ = {
			isa = XCSwiftPackageProductDependency;
			package = 02D2DBB02BB6A9E2005069B5 /* XCRemoteSwiftPackageReference "firebase-ios-sdk" */;
			productName = FirebaseAnalyticsSwift;
		};
		02D2DBB72BB6A9E2005069B5 /* FirebaseAnalyticsWithoutAdIdSupport */ = {
			isa = XCSwiftPackageProductDependency;
			package = 02D2DBB02BB6A9E2005069B5 /* XCRemoteSwiftPackageReference "firebase-ios-sdk" */;
			productName = FirebaseAnalyticsWithoutAdIdSupport;
		};
		02D2DBB92BB6A9E2005069B5 /* FirebaseAppCheck */ = {
			isa = XCSwiftPackageProductDependency;
			package = 02D2DBB02BB6A9E2005069B5 /* XCRemoteSwiftPackageReference "firebase-ios-sdk" */;
			productName = FirebaseAppCheck;
		};
/* End XCSwiftPackageProductDependency section */
	};
	rootObject = 021F2E062B95A8A500D13367 /* Project object */;
}
